// !$*UTF8*$!
{
	archiveVersion = 1;
	classes = {
	};
	objectVersion = 48;
	objects = {

/* Begin PBXBuildFile section */
		343893071E2459E49B5ED415 /* Pods_Quipu.framework in Frameworks */ = {isa = PBXBuildFile; fileRef = BBEC9838E31A09B6E6F23756 /* Pods_Quipu.framework */; };
		7099F5091F4D03B7006FC69B /* HomeViewController.swift in Sources */ = {isa = PBXBuildFile; fileRef = 7099F5081F4D03B7006FC69B /* HomeViewController.swift */; };
		7099F50B1F4D106B006FC69B /* SettingsViewController.swift in Sources */ = {isa = PBXBuildFile; fileRef = 7099F50A1F4D106B006FC69B /* SettingsViewController.swift */; };
		70E06EBF1F4CF4570073D0FF /* AppDelegate.swift in Sources */ = {isa = PBXBuildFile; fileRef = 70E06EBE1F4CF4570073D0FF /* AppDelegate.swift */; };
		70E06EC11F4CF4570073D0FF /* ViewController.swift in Sources */ = {isa = PBXBuildFile; fileRef = 70E06EC01F4CF4570073D0FF /* ViewController.swift */; };
		70E06EC41F4CF4570073D0FF /* Main.storyboard in Resources */ = {isa = PBXBuildFile; fileRef = 70E06EC21F4CF4570073D0FF /* Main.storyboard */; };
		70E06EC61F4CF4570073D0FF /* Assets.xcassets in Resources */ = {isa = PBXBuildFile; fileRef = 70E06EC51F4CF4570073D0FF /* Assets.xcassets */; };
		70E06EC91F4CF4570073D0FF /* LaunchScreen.storyboard in Resources */ = {isa = PBXBuildFile; fileRef = 70E06EC71F4CF4570073D0FF /* LaunchScreen.storyboard */; };
		70E06ED41F4CF4570073D0FF /* QuipuTests.swift in Sources */ = {isa = PBXBuildFile; fileRef = 70E06ED31F4CF4570073D0FF /* QuipuTests.swift */; };
		70E06EDF1F4CF4570073D0FF /* QuipuUITests.swift in Sources */ = {isa = PBXBuildFile; fileRef = 70E06EDE1F4CF4570073D0FF /* QuipuUITests.swift */; };
		70E06EED1F4CF47D0073D0FF /* LoginViewController.swift in Sources */ = {isa = PBXBuildFile; fileRef = 70E06EEC1F4CF47D0073D0FF /* LoginViewController.swift */; };
		70E06EEF1F4CFE170073D0FF /* LoginTextField.swift in Sources */ = {isa = PBXBuildFile; fileRef = 70E06EEE1F4CFE170073D0FF /* LoginTextField.swift */; };
/* End PBXBuildFile section */

/* Begin PBXContainerItemProxy section */
		70E06ED01F4CF4570073D0FF /* PBXContainerItemProxy */ = {
			isa = PBXContainerItemProxy;
			containerPortal = 70E06EB31F4CF4570073D0FF /* Project object */;
			proxyType = 1;
			remoteGlobalIDString = 70E06EBA1F4CF4570073D0FF;
			remoteInfo = Quipu;
		};
		70E06EDB1F4CF4570073D0FF /* PBXContainerItemProxy */ = {
			isa = PBXContainerItemProxy;
			containerPortal = 70E06EB31F4CF4570073D0FF /* Project object */;
			proxyType = 1;
			remoteGlobalIDString = 70E06EBA1F4CF4570073D0FF;
			remoteInfo = Quipu;
		};
/* End PBXContainerItemProxy section */

/* Begin PBXFileReference section */
		7099F5081F4D03B7006FC69B /* HomeViewController.swift */ = {isa = PBXFileReference; lastKnownFileType = sourcecode.swift; path = HomeViewController.swift; sourceTree = "<group>"; };
		7099F50A1F4D106B006FC69B /* SettingsViewController.swift */ = {isa = PBXFileReference; lastKnownFileType = sourcecode.swift; path = SettingsViewController.swift; sourceTree = "<group>"; };
		70E06EBB1F4CF4570073D0FF /* Quipu.app */ = {isa = PBXFileReference; explicitFileType = wrapper.application; includeInIndex = 0; path = Quipu.app; sourceTree = BUILT_PRODUCTS_DIR; };
		70E06EBE1F4CF4570073D0FF /* AppDelegate.swift */ = {isa = PBXFileReference; lastKnownFileType = sourcecode.swift; path = AppDelegate.swift; sourceTree = "<group>"; };
		70E06EC01F4CF4570073D0FF /* ViewController.swift */ = {isa = PBXFileReference; lastKnownFileType = sourcecode.swift; path = ViewController.swift; sourceTree = "<group>"; };
		70E06EC31F4CF4570073D0FF /* Base */ = {isa = PBXFileReference; lastKnownFileType = file.storyboard; name = Base; path = Base.lproj/Main.storyboard; sourceTree = "<group>"; };
		70E06EC51F4CF4570073D0FF /* Assets.xcassets */ = {isa = PBXFileReference; lastKnownFileType = folder.assetcatalog; path = Assets.xcassets; sourceTree = "<group>"; };
		70E06EC81F4CF4570073D0FF /* Base */ = {isa = PBXFileReference; lastKnownFileType = file.storyboard; name = Base; path = Base.lproj/LaunchScreen.storyboard; sourceTree = "<group>"; };
		70E06ECA1F4CF4570073D0FF /* Info.plist */ = {isa = PBXFileReference; lastKnownFileType = text.plist.xml; path = Info.plist; sourceTree = "<group>"; };
		70E06ECF1F4CF4570073D0FF /* QuipuTests.xctest */ = {isa = PBXFileReference; explicitFileType = wrapper.cfbundle; includeInIndex = 0; path = QuipuTests.xctest; sourceTree = BUILT_PRODUCTS_DIR; };
		70E06ED31F4CF4570073D0FF /* QuipuTests.swift */ = {isa = PBXFileReference; lastKnownFileType = sourcecode.swift; path = QuipuTests.swift; sourceTree = "<group>"; };
		70E06ED51F4CF4570073D0FF /* Info.plist */ = {isa = PBXFileReference; lastKnownFileType = text.plist.xml; path = Info.plist; sourceTree = "<group>"; };
		70E06EDA1F4CF4570073D0FF /* QuipuUITests.xctest */ = {isa = PBXFileReference; explicitFileType = wrapper.cfbundle; includeInIndex = 0; path = QuipuUITests.xctest; sourceTree = BUILT_PRODUCTS_DIR; };
		70E06EDE1F4CF4570073D0FF /* QuipuUITests.swift */ = {isa = PBXFileReference; lastKnownFileType = sourcecode.swift; path = QuipuUITests.swift; sourceTree = "<group>"; };
		70E06EE01F4CF4570073D0FF /* Info.plist */ = {isa = PBXFileReference; lastKnownFileType = text.plist.xml; path = Info.plist; sourceTree = "<group>"; };
		70E06EEC1F4CF47D0073D0FF /* LoginViewController.swift */ = {isa = PBXFileReference; lastKnownFileType = sourcecode.swift; path = LoginViewController.swift; sourceTree = "<group>"; };
		70E06EEE1F4CFE170073D0FF /* LoginTextField.swift */ = {isa = PBXFileReference; lastKnownFileType = sourcecode.swift; path = LoginTextField.swift; sourceTree = "<group>"; };
		74E3892C107500E299535C59 /* Pods-Quipu.release.xcconfig */ = {isa = PBXFileReference; includeInIndex = 1; lastKnownFileType = text.xcconfig; name = "Pods-Quipu.release.xcconfig"; path = "Pods/Target Support Files/Pods-Quipu/Pods-Quipu.release.xcconfig"; sourceTree = "<group>"; };
		BBEC9838E31A09B6E6F23756 /* Pods_Quipu.framework */ = {isa = PBXFileReference; explicitFileType = wrapper.framework; includeInIndex = 0; path = Pods_Quipu.framework; sourceTree = BUILT_PRODUCTS_DIR; };
		CCB9B76BB8C94C522657A2BF /* Pods-Quipu.debug.xcconfig */ = {isa = PBXFileReference; includeInIndex = 1; lastKnownFileType = text.xcconfig; name = "Pods-Quipu.debug.xcconfig"; path = "Pods/Target Support Files/Pods-Quipu/Pods-Quipu.debug.xcconfig"; sourceTree = "<group>"; };
/* End PBXFileReference section */

/* Begin PBXFrameworksBuildPhase section */
		70E06EB81F4CF4570073D0FF /* Frameworks */ = {
			isa = PBXFrameworksBuildPhase;
			buildActionMask = 2147483647;
			files = (
				343893071E2459E49B5ED415 /* Pods_Quipu.framework in Frameworks */,
			);
			runOnlyForDeploymentPostprocessing = 0;
		};
		70E06ECC1F4CF4570073D0FF /* Frameworks */ = {
			isa = PBXFrameworksBuildPhase;
			buildActionMask = 2147483647;
			files = (
			);
			runOnlyForDeploymentPostprocessing = 0;
		};
		70E06ED71F4CF4570073D0FF /* Frameworks */ = {
			isa = PBXFrameworksBuildPhase;
			buildActionMask = 2147483647;
			files = (
			);
			runOnlyForDeploymentPostprocessing = 0;
		};
/* End PBXFrameworksBuildPhase section */

/* Begin PBXGroup section */
		1E89E0EB33E04A7F2DFF0594 /* Frameworks */ = {
			isa = PBXGroup;
			children = (
				BBEC9838E31A09B6E6F23756 /* Pods_Quipu.framework */,
			);
			name = Frameworks;
			sourceTree = "<group>";
		};
		70E06EB21F4CF4570073D0FF = {
			isa = PBXGroup;
			children = (
				70E06EBD1F4CF4570073D0FF /* Quipu */,
				70E06ED21F4CF4570073D0FF /* QuipuTests */,
				70E06EDD1F4CF4570073D0FF /* QuipuUITests */,
				70E06EBC1F4CF4570073D0FF /* Products */,
				AFFDB56B378E6627E3DF7683 /* Pods */,
				1E89E0EB33E04A7F2DFF0594 /* Frameworks */,
			);
			sourceTree = "<group>";
		};
		70E06EBC1F4CF4570073D0FF /* Products */ = {
			isa = PBXGroup;
			children = (
				70E06EBB1F4CF4570073D0FF /* Quipu.app */,
				70E06ECF1F4CF4570073D0FF /* QuipuTests.xctest */,
				70E06EDA1F4CF4570073D0FF /* QuipuUITests.xctest */,
			);
			name = Products;
			sourceTree = "<group>";
		};
		70E06EBD1F4CF4570073D0FF /* Quipu */ = {
			isa = PBXGroup;
			children = (
				70E06EBE1F4CF4570073D0FF /* AppDelegate.swift */,
				70E06EC01F4CF4570073D0FF /* ViewController.swift */,
				70E06EC21F4CF4570073D0FF /* Main.storyboard */,
				7099F50A1F4D106B006FC69B /* SettingsViewController.swift */,
				7099F5081F4D03B7006FC69B /* HomeViewController.swift */,
				70E06EEE1F4CFE170073D0FF /* LoginTextField.swift */,
				70E06EEC1F4CF47D0073D0FF /* LoginViewController.swift */,
				70E06EC51F4CF4570073D0FF /* Assets.xcassets */,
				70E06EC71F4CF4570073D0FF /* LaunchScreen.storyboard */,
				70E06ECA1F4CF4570073D0FF /* Info.plist */,
			);
			path = Quipu;
			sourceTree = "<group>";
		};
		70E06ED21F4CF4570073D0FF /* QuipuTests */ = {
			isa = PBXGroup;
			children = (
				70E06ED31F4CF4570073D0FF /* QuipuTests.swift */,
				70E06ED51F4CF4570073D0FF /* Info.plist */,
			);
			path = QuipuTests;
			sourceTree = "<group>";
		};
		70E06EDD1F4CF4570073D0FF /* QuipuUITests */ = {
			isa = PBXGroup;
			children = (
				70E06EDE1F4CF4570073D0FF /* QuipuUITests.swift */,
				70E06EE01F4CF4570073D0FF /* Info.plist */,
			);
			path = QuipuUITests;
			sourceTree = "<group>";
		};
		AFFDB56B378E6627E3DF7683 /* Pods */ = {
			isa = PBXGroup;
			children = (
				CCB9B76BB8C94C522657A2BF /* Pods-Quipu.debug.xcconfig */,
				74E3892C107500E299535C59 /* Pods-Quipu.release.xcconfig */,
			);
			name = Pods;
			sourceTree = "<group>";
		};
/* End PBXGroup section */

/* Begin PBXNativeTarget section */
		70E06EBA1F4CF4570073D0FF /* Quipu */ = {
			isa = PBXNativeTarget;
			buildConfigurationList = 70E06EE31F4CF4570073D0FF /* Build configuration list for PBXNativeTarget "Quipu" */;
			buildPhases = (
				CD03005F9D8833BB3209F3C9 /* [CP] Check Pods Manifest.lock */,
				70E06EB71F4CF4570073D0FF /* Sources */,
				70E06EB81F4CF4570073D0FF /* Frameworks */,
				70E06EB91F4CF4570073D0FF /* Resources */,
				42324832508078DCEC87613E /* [CP] Embed Pods Frameworks */,
				7E78D848B98447BD8D5BFB1A /* [CP] Copy Pods Resources */,
			);
			buildRules = (
			);
			dependencies = (
			);
			name = Quipu;
			productName = Quipu;
			productReference = 70E06EBB1F4CF4570073D0FF /* Quipu.app */;
			productType = "com.apple.product-type.application";
		};
		70E06ECE1F4CF4570073D0FF /* QuipuTests */ = {
			isa = PBXNativeTarget;
			buildConfigurationList = 70E06EE61F4CF4570073D0FF /* Build configuration list for PBXNativeTarget "QuipuTests" */;
			buildPhases = (
				70E06ECB1F4CF4570073D0FF /* Sources */,
				70E06ECC1F4CF4570073D0FF /* Frameworks */,
				70E06ECD1F4CF4570073D0FF /* Resources */,
			);
			buildRules = (
			);
			dependencies = (
				70E06ED11F4CF4570073D0FF /* PBXTargetDependency */,
			);
			name = QuipuTests;
			productName = QuipuTests;
			productReference = 70E06ECF1F4CF4570073D0FF /* QuipuTests.xctest */;
			productType = "com.apple.product-type.bundle.unit-test";
		};
		70E06ED91F4CF4570073D0FF /* QuipuUITests */ = {
			isa = PBXNativeTarget;
			buildConfigurationList = 70E06EE91F4CF4570073D0FF /* Build configuration list for PBXNativeTarget "QuipuUITests" */;
			buildPhases = (
				70E06ED61F4CF4570073D0FF /* Sources */,
				70E06ED71F4CF4570073D0FF /* Frameworks */,
				70E06ED81F4CF4570073D0FF /* Resources */,
			);
			buildRules = (
			);
			dependencies = (
				70E06EDC1F4CF4570073D0FF /* PBXTargetDependency */,
			);
			name = QuipuUITests;
			productName = QuipuUITests;
			productReference = 70E06EDA1F4CF4570073D0FF /* QuipuUITests.xctest */;
			productType = "com.apple.product-type.bundle.ui-testing";
		};
/* End PBXNativeTarget section */

/* Begin PBXProject section */
		70E06EB31F4CF4570073D0FF /* Project object */ = {
			isa = PBXProject;
			attributes = {
				LastSwiftUpdateCheck = 0900;
				LastUpgradeCheck = 0900;
				ORGANIZATIONNAME = "Abu Batjargal";
				TargetAttributes = {
					70E06EBA1F4CF4570073D0FF = {
						CreatedOnToolsVersion = 9.0;
					};
					70E06ECE1F4CF4570073D0FF = {
						CreatedOnToolsVersion = 9.0;
						TestTargetID = 70E06EBA1F4CF4570073D0FF;
					};
					70E06ED91F4CF4570073D0FF = {
						CreatedOnToolsVersion = 9.0;
						TestTargetID = 70E06EBA1F4CF4570073D0FF;
					};
				};
			};
			buildConfigurationList = 70E06EB61F4CF4570073D0FF /* Build configuration list for PBXProject "Quipu" */;
			compatibilityVersion = "Xcode 8.0";
			developmentRegion = en;
			hasScannedForEncodings = 0;
			knownRegions = (
				en,
				Base,
			);
			mainGroup = 70E06EB21F4CF4570073D0FF;
			productRefGroup = 70E06EBC1F4CF4570073D0FF /* Products */;
			projectDirPath = "";
			projectRoot = "";
			targets = (
				70E06EBA1F4CF4570073D0FF /* Quipu */,
				70E06ECE1F4CF4570073D0FF /* QuipuTests */,
				70E06ED91F4CF4570073D0FF /* QuipuUITests */,
			);
		};
/* End PBXProject section */

/* Begin PBXResourcesBuildPhase section */
		70E06EB91F4CF4570073D0FF /* Resources */ = {
			isa = PBXResourcesBuildPhase;
			buildActionMask = 2147483647;
			files = (
				70E06EC91F4CF4570073D0FF /* LaunchScreen.storyboard in Resources */,
				70E06EC61F4CF4570073D0FF /* Assets.xcassets in Resources */,
				70E06EC41F4CF4570073D0FF /* Main.storyboard in Resources */,
			);
			runOnlyForDeploymentPostprocessing = 0;
		};
		70E06ECD1F4CF4570073D0FF /* Resources */ = {
			isa = PBXResourcesBuildPhase;
			buildActionMask = 2147483647;
			files = (
			);
			runOnlyForDeploymentPostprocessing = 0;
		};
		70E06ED81F4CF4570073D0FF /* Resources */ = {
			isa = PBXResourcesBuildPhase;
			buildActionMask = 2147483647;
			files = (
			);
			runOnlyForDeploymentPostprocessing = 0;
		};
/* End PBXResourcesBuildPhase section */

/* Begin PBXShellScriptBuildPhase section */
		42324832508078DCEC87613E /* [CP] Embed Pods Frameworks */ = {
			isa = PBXShellScriptBuildPhase;
			buildActionMask = 2147483647;
			files = (
			);
			inputPaths = (
			);
			name = "[CP] Embed Pods Frameworks";
			outputPaths = (
			);
			runOnlyForDeploymentPostprocessing = 0;
			shellPath = /bin/sh;
			shellScript = "\"${SRCROOT}/Pods/Target Support Files/Pods-Quipu/Pods-Quipu-frameworks.sh\"\n";
			showEnvVarsInLog = 0;
		};
		7E78D848B98447BD8D5BFB1A /* [CP] Copy Pods Resources */ = {
			isa = PBXShellScriptBuildPhase;
			buildActionMask = 2147483647;
			files = (
			);
			inputPaths = (
				"${SRCROOT}/Pods/Target Support Files/Pods-Quipu/Pods-Quipu-resources.sh",
				"${PODS_ROOT}/GoogleMaps/Maps/Frameworks/GoogleMaps.framework/Resources/GoogleMaps.bundle",
				"${PODS_ROOT}/GooglePlaces/Frameworks/GooglePlaces.framework/Resources/GooglePlaces.bundle",
			);
			name = "[CP] Copy Pods Resources";
			outputPaths = (
				"${TARGET_BUILD_DIR}/${UNLOCALIZED_RESOURCES_FOLDER_PATH}",
			);
			runOnlyForDeploymentPostprocessing = 0;
			shellPath = /bin/sh;
			shellScript = "\"${SRCROOT}/Pods/Target Support Files/Pods-Quipu/Pods-Quipu-resources.sh\"\n";
			showEnvVarsInLog = 0;
		};
		CD03005F9D8833BB3209F3C9 /* [CP] Check Pods Manifest.lock */ = {
			isa = PBXShellScriptBuildPhase;
			buildActionMask = 2147483647;
			files = (
			);
			inputPaths = (
				"${PODS_PODFILE_DIR_PATH}/Podfile.lock",
				"${PODS_ROOT}/Manifest.lock",
			);
			name = "[CP] Check Pods Manifest.lock";
			outputPaths = (
				"$(DERIVED_FILE_DIR)/Pods-Quipu-checkManifestLockResult.txt",
			);
			runOnlyForDeploymentPostprocessing = 0;
			shellPath = /bin/sh;
			shellScript = "diff \"${PODS_PODFILE_DIR_PATH}/Podfile.lock\" \"${PODS_ROOT}/Manifest.lock\" > /dev/null\nif [ $? != 0 ] ; then\n    # print error to STDERR\n    echo \"error: The sandbox is not in sync with the Podfile.lock. Run 'pod install' or update your CocoaPods installation.\" >&2\n    exit 1\nfi\n# This output is used by Xcode 'outputs' to avoid re-running this script phase.\necho \"SUCCESS\" > \"${SCRIPT_OUTPUT_FILE_0}\"\n";
			showEnvVarsInLog = 0;
		};
/* End PBXShellScriptBuildPhase section */

/* Begin PBXSourcesBuildPhase section */
		70E06EB71F4CF4570073D0FF /* Sources */ = {
			isa = PBXSourcesBuildPhase;
			buildActionMask = 2147483647;
			files = (
				7099F5091F4D03B7006FC69B /* HomeViewController.swift in Sources */,
				70E06EED1F4CF47D0073D0FF /* LoginViewController.swift in Sources */,
				70E06EEF1F4CFE170073D0FF /* LoginTextField.swift in Sources */,
				70E06EC11F4CF4570073D0FF /* ViewController.swift in Sources */,
				70E06EBF1F4CF4570073D0FF /* AppDelegate.swift in Sources */,
				7099F50B1F4D106B006FC69B /* SettingsViewController.swift in Sources */,
			);
			runOnlyForDeploymentPostprocessing = 0;
		};
		70E06ECB1F4CF4570073D0FF /* Sources */ = {
			isa = PBXSourcesBuildPhase;
			buildActionMask = 2147483647;
			files = (
				70E06ED41F4CF4570073D0FF /* QuipuTests.swift in Sources */,
			);
			runOnlyForDeploymentPostprocessing = 0;
		};
		70E06ED61F4CF4570073D0FF /* Sources */ = {
			isa = PBXSourcesBuildPhase;
			buildActionMask = 2147483647;
			files = (
				70E06EDF1F4CF4570073D0FF /* QuipuUITests.swift in Sources */,
			);
			runOnlyForDeploymentPostprocessing = 0;
		};
/* End PBXSourcesBuildPhase section */

/* Begin PBXTargetDependency section */
		70E06ED11F4CF4570073D0FF /* PBXTargetDependency */ = {
			isa = PBXTargetDependency;
			target = 70E06EBA1F4CF4570073D0FF /* Quipu */;
			targetProxy = 70E06ED01F4CF4570073D0FF /* PBXContainerItemProxy */;
		};
		70E06EDC1F4CF4570073D0FF /* PBXTargetDependency */ = {
			isa = PBXTargetDependency;
			target = 70E06EBA1F4CF4570073D0FF /* Quipu */;
			targetProxy = 70E06EDB1F4CF4570073D0FF /* PBXContainerItemProxy */;
		};
/* End PBXTargetDependency section */

/* Begin PBXVariantGroup section */
		70E06EC21F4CF4570073D0FF /* Main.storyboard */ = {
			isa = PBXVariantGroup;
			children = (
				70E06EC31F4CF4570073D0FF /* Base */,
			);
			name = Main.storyboard;
			sourceTree = "<group>";
		};
		70E06EC71F4CF4570073D0FF /* LaunchScreen.storyboard */ = {
			isa = PBXVariantGroup;
			children = (
				70E06EC81F4CF4570073D0FF /* Base */,
			);
			name = LaunchScreen.storyboard;
			sourceTree = "<group>";
		};
/* End PBXVariantGroup section */

/* Begin XCBuildConfiguration section */
		70E06EE11F4CF4570073D0FF /* Debug */ = {
			isa = XCBuildConfiguration;
			buildSettings = {
				ALWAYS_SEARCH_USER_PATHS = NO;
				CLANG_ANALYZER_NONNULL = YES;
				CLANG_ANALYZER_NUMBER_OBJECT_CONVERSION = YES_AGGRESSIVE;
				CLANG_CXX_LANGUAGE_STANDARD = "gnu++14";
				CLANG_CXX_LIBRARY = "libc++";
				CLANG_ENABLE_MODULES = YES;
				CLANG_ENABLE_OBJC_ARC = YES;
				CLANG_WARN_BLOCK_CAPTURE_AUTORELEASING = YES;
				CLANG_WARN_BOOL_CONVERSION = YES;
				CLANG_WARN_COMMA = YES;
				CLANG_WARN_CONSTANT_CONVERSION = YES;
				CLANG_WARN_DIRECT_OBJC_ISA_USAGE = YES_ERROR;
				CLANG_WARN_DOCUMENTATION_COMMENTS = YES;
				CLANG_WARN_EMPTY_BODY = YES;
				CLANG_WARN_ENUM_CONVERSION = YES;
				CLANG_WARN_INFINITE_RECURSION = YES;
				CLANG_WARN_INT_CONVERSION = YES;
				CLANG_WARN_NON_LITERAL_NULL_CONVERSION = YES;
				CLANG_WARN_OBJC_LITERAL_CONVERSION = YES;
				CLANG_WARN_OBJC_ROOT_CLASS = YES_ERROR;
				CLANG_WARN_RANGE_LOOP_ANALYSIS = YES;
				CLANG_WARN_STRICT_PROTOTYPES = YES;
				CLANG_WARN_SUSPICIOUS_MOVE = YES;
				CLANG_WARN_UNGUARDED_AVAILABILITY = YES_AGGRESSIVE;
				CLANG_WARN_UNREACHABLE_CODE = YES;
				CLANG_WARN__DUPLICATE_METHOD_MATCH = YES;
				CODE_SIGN_IDENTITY = "iPhone Developer";
				COPY_PHASE_STRIP = NO;
				DEBUG_INFORMATION_FORMAT = dwarf;
				ENABLE_STRICT_OBJC_MSGSEND = YES;
				ENABLE_TESTABILITY = YES;
				GCC_C_LANGUAGE_STANDARD = gnu11;
				GCC_DYNAMIC_NO_PIC = NO;
				GCC_NO_COMMON_BLOCKS = YES;
				GCC_OPTIMIZATION_LEVEL = 0;
				GCC_PREPROCESSOR_DEFINITIONS = (
					"DEBUG=1",
					"$(inherited)",
				);
				GCC_WARN_64_TO_32_BIT_CONVERSION = YES;
				GCC_WARN_ABOUT_RETURN_TYPE = YES_ERROR;
				GCC_WARN_UNDECLARED_SELECTOR = YES;
				GCC_WARN_UNINITIALIZED_AUTOS = YES_AGGRESSIVE;
				GCC_WARN_UNUSED_FUNCTION = YES;
				GCC_WARN_UNUSED_VARIABLE = YES;
				IPHONEOS_DEPLOYMENT_TARGET = 11.0;
				MTL_ENABLE_DEBUG_INFO = YES;
				ONLY_ACTIVE_ARCH = YES;
				SDKROOT = iphoneos;
				SWIFT_ACTIVE_COMPILATION_CONDITIONS = DEBUG;
				SWIFT_OPTIMIZATION_LEVEL = "-Onone";
			};
			name = Debug;
		};
		70E06EE21F4CF4570073D0FF /* Release */ = {
			isa = XCBuildConfiguration;
			buildSettings = {
				ALWAYS_SEARCH_USER_PATHS = NO;
				CLANG_ANALYZER_NONNULL = YES;
				CLANG_ANALYZER_NUMBER_OBJECT_CONVERSION = YES_AGGRESSIVE;
				CLANG_CXX_LANGUAGE_STANDARD = "gnu++14";
				CLANG_CXX_LIBRARY = "libc++";
				CLANG_ENABLE_MODULES = YES;
				CLANG_ENABLE_OBJC_ARC = YES;
				CLANG_WARN_BLOCK_CAPTURE_AUTORELEASING = YES;
				CLANG_WARN_BOOL_CONVERSION = YES;
				CLANG_WARN_COMMA = YES;
				CLANG_WARN_CONSTANT_CONVERSION = YES;
				CLANG_WARN_DIRECT_OBJC_ISA_USAGE = YES_ERROR;
				CLANG_WARN_DOCUMENTATION_COMMENTS = YES;
				CLANG_WARN_EMPTY_BODY = YES;
				CLANG_WARN_ENUM_CONVERSION = YES;
				CLANG_WARN_INFINITE_RECURSION = YES;
				CLANG_WARN_INT_CONVERSION = YES;
				CLANG_WARN_NON_LITERAL_NULL_CONVERSION = YES;
				CLANG_WARN_OBJC_LITERAL_CONVERSION = YES;
				CLANG_WARN_OBJC_ROOT_CLASS = YES_ERROR;
				CLANG_WARN_RANGE_LOOP_ANALYSIS = YES;
				CLANG_WARN_STRICT_PROTOTYPES = YES;
				CLANG_WARN_SUSPICIOUS_MOVE = YES;
				CLANG_WARN_UNGUARDED_AVAILABILITY = YES_AGGRESSIVE;
				CLANG_WARN_UNREACHABLE_CODE = YES;
				CLANG_WARN__DUPLICATE_METHOD_MATCH = YES;
				CODE_SIGN_IDENTITY = "iPhone Developer";
				COPY_PHASE_STRIP = NO;
				DEBUG_INFORMATION_FORMAT = "dwarf-with-dsym";
				ENABLE_NS_ASSERTIONS = NO;
				ENABLE_STRICT_OBJC_MSGSEND = YES;
				GCC_C_LANGUAGE_STANDARD = gnu11;
				GCC_NO_COMMON_BLOCKS = YES;
				GCC_WARN_64_TO_32_BIT_CONVERSION = YES;
				GCC_WARN_ABOUT_RETURN_TYPE = YES_ERROR;
				GCC_WARN_UNDECLARED_SELECTOR = YES;
				GCC_WARN_UNINITIALIZED_AUTOS = YES_AGGRESSIVE;
				GCC_WARN_UNUSED_FUNCTION = YES;
				GCC_WARN_UNUSED_VARIABLE = YES;
				IPHONEOS_DEPLOYMENT_TARGET = 11.0;
				MTL_ENABLE_DEBUG_INFO = NO;
				SDKROOT = iphoneos;
				SWIFT_OPTIMIZATION_LEVEL = "-Owholemodule";
				VALIDATE_PRODUCT = YES;
			};
			name = Release;
		};
		70E06EE41F4CF4570073D0FF /* Debug */ = {
			isa = XCBuildConfiguration;
			baseConfigurationReference = CCB9B76BB8C94C522657A2BF /* Pods-Quipu.debug.xcconfig */;
			buildSettings = {
				ASSETCATALOG_COMPILER_APPICON_NAME = AppIcon;
				DEVELOPMENT_TEAM = BG74556S27;
				INFOPLIST_FILE = Quipu/Info.plist;
				LD_RUNPATH_SEARCH_PATHS = "$(inherited) @executable_path/Frameworks";
				PRODUCT_BUNDLE_IDENTIFIER = com.abu.Quipu;
				PRODUCT_NAME = "$(TARGET_NAME)";
				SWIFT_VERSION = 4.0;
				TARGETED_DEVICE_FAMILY = "1,2";
			};
			name = Debug;
		};
		70E06EE51F4CF4570073D0FF /* Release */ = {
			isa = XCBuildConfiguration;
			baseConfigurationReference = 74E3892C107500E299535C59 /* Pods-Quipu.release.xcconfig */;
			buildSettings = {
				ASSETCATALOG_COMPILER_APPICON_NAME = AppIcon;
				DEVELOPMENT_TEAM = BG74556S27;
				INFOPLIST_FILE = Quipu/Info.plist;
				LD_RUNPATH_SEARCH_PATHS = "$(inherited) @executable_path/Frameworks";
				PRODUCT_BUNDLE_IDENTIFIER = com.abu.Quipu;
				PRODUCT_NAME = "$(TARGET_NAME)";
				SWIFT_VERSION = 4.0;
				TARGETED_DEVICE_FAMILY = "1,2";
			};
			name = Release;
		};
		70E06EE71F4CF4570073D0FF /* Debug */ = {
			isa = XCBuildConfiguration;
			buildSettings = {
				ALWAYS_EMBED_SWIFT_STANDARD_LIBRARIES = YES;
				BUNDLE_LOADER = "$(TEST_HOST)";
				DEVELOPMENT_TEAM = BG74556S27;
				INFOPLIST_FILE = QuipuTests/Info.plist;
				LD_RUNPATH_SEARCH_PATHS = "$(inherited) @executable_path/Frameworks @loader_path/Frameworks";
				PRODUCT_BUNDLE_IDENTIFIER = com.abu.QuipuTests;
				PRODUCT_NAME = "$(TARGET_NAME)";
				SWIFT_VERSION = 4.0;
				TARGETED_DEVICE_FAMILY = "1,2";
				TEST_HOST = "$(BUILT_PRODUCTS_DIR)/Quipu.app/Quipu";
			};
			name = Debug;
		};
		70E06EE81F4CF4570073D0FF /* Release */ = {
			isa = XCBuildConfiguration;
			buildSettings = {
				ALWAYS_EMBED_SWIFT_STANDARD_LIBRARIES = YES;
				BUNDLE_LOADER = "$(TEST_HOST)";
				DEVELOPMENT_TEAM = BG74556S27;
				INFOPLIST_FILE = QuipuTests/Info.plist;
				LD_RUNPATH_SEARCH_PATHS = "$(inherited) @executable_path/Frameworks @loader_path/Frameworks";
				PRODUCT_BUNDLE_IDENTIFIER = com.abu.QuipuTests;
				PRODUCT_NAME = "$(TARGET_NAME)";
				SWIFT_VERSION = 4.0;
				TARGETED_DEVICE_FAMILY = "1,2";
				TEST_HOST = "$(BUILT_PRODUCTS_DIR)/Quipu.app/Quipu";
			};
			name = Release;
		};
		70E06EEA1F4CF4570073D0FF /* Debug */ = {
			isa = XCBuildConfiguration;
			buildSettings = {
				ALWAYS_EMBED_SWIFT_STANDARD_LIBRARIES = YES;
				DEVELOPMENT_TEAM = BG74556S27;
				INFOPLIST_FILE = QuipuUITests/Info.plist;
				LD_RUNPATH_SEARCH_PATHS = "$(inherited) @executable_path/Frameworks @loader_path/Frameworks";
				PRODUCT_BUNDLE_IDENTIFIER = com.abu.QuipuUITests;
				PRODUCT_NAME = "$(TARGET_NAME)";
				SWIFT_VERSION = 4.0;
				TARGETED_DEVICE_FAMILY = "1,2";
				TEST_TARGET_NAME = Quipu;
			};
			name = Debug;
		};
		70E06EEB1F4CF4570073D0FF /* Release */ = {
			isa = XCBuildConfiguration;
			buildSettings = {
				ALWAYS_EMBED_SWIFT_STANDARD_LIBRARIES = YES;
				DEVELOPMENT_TEAM = BG74556S27;
				INFOPLIST_FILE = QuipuUITests/Info.plist;
				LD_RUNPATH_SEARCH_PATHS = "$(inherited) @executable_path/Frameworks @loader_path/Frameworks";
				PRODUCT_BUNDLE_IDENTIFIER = com.abu.QuipuUITests;
				PRODUCT_NAME = "$(TARGET_NAME)";
				SWIFT_VERSION = 4.0;
				TARGETED_DEVICE_FAMILY = "1,2";
				TEST_TARGET_NAME = Quipu;
			};
			name = Release;
		};
/* End XCBuildConfiguration section */

/* Begin XCConfigurationList section */
		70E06EB61F4CF4570073D0FF /* Build configuration list for PBXProject "Quipu" */ = {
			isa = XCConfigurationList;
			buildConfigurations = (
				70E06EE11F4CF4570073D0FF /* Debug */,
				70E06EE21F4CF4570073D0FF /* Release */,
			);
			defaultConfigurationIsVisible = 0;
			defaultConfigurationName = Release;
		};
		70E06EE31F4CF4570073D0FF /* Build configuration list for PBXNativeTarget "Quipu" */ = {
			isa = XCConfigurationList;
			buildConfigurations = (
				70E06EE41F4CF4570073D0FF /* Debug */,
				70E06EE51F4CF4570073D0FF /* Release */,
			);
			defaultConfigurationIsVisible = 0;
			defaultConfigurationName = Release;
		};
		70E06EE61F4CF4570073D0FF /* Build configuration list for PBXNativeTarget "QuipuTests" */ = {
			isa = XCConfigurationList;
			buildConfigurations = (
				70E06EE71F4CF4570073D0FF /* Debug */,
				70E06EE81F4CF4570073D0FF /* Release */,
			);
			defaultConfigurationIsVisible = 0;
			defaultConfigurationName = Release;
		};
		70E06EE91F4CF4570073D0FF /* Build configuration list for PBXNativeTarget "QuipuUITests" */ = {
			isa = XCConfigurationList;
			buildConfigurations = (
				70E06EEA1F4CF4570073D0FF /* Debug */,
				70E06EEB1F4CF4570073D0FF /* Release */,
			);
			defaultConfigurationIsVisible = 0;
			defaultConfigurationName = Release;
		};
/* End XCConfigurationList section */
	};
	rootObject = 70E06EB31F4CF4570073D0FF /* Project object */;
}
